
Microsoft Visual Studio Solution File, Format Version 12.00
# Visual Studio Version 16
VisualStudioVersion = 16.0.30406.217
MinimumVisualStudioVersion = 10.0.40219.1
Project("{9A19103F-16F7-4668-BE54-9A1E7A4F7556}") = "Arrays", "Arrays\Arrays.csproj", "{66DA2743-3D2F-469E-B71D-282C52D2F970}"
EndProject
Project("{9A19103F-16F7-4668-BE54-9A1E7A4F7556}") = "MethodAbstractions", "MethodAbstractions\MethodAbstractions.csproj", "{FD30E6AB-B8DC-4665-88F7-C86C9D1F152D}"
EndProject
Project("{FAE04EC0-301F-11D3-BF4B-00C04F79EFBC}") = "IndexedCollectionAbstractions", "IndexedCollectionAbstractions\IndexedCollectionAbstractions.csproj", "{920F4615-EB12-4D1F-BF25-CE5FACBB2747}"
EndProject
Global
	GlobalSection(SolutionConfigurationPlatforms) = preSolution
		Debug|Any CPU = Debug|Any CPU
		Release|Any CPU = Release|Any CPU
	EndGlobalSection
	GlobalSection(ProjectConfigurationPlatforms) = postSolution
		{66DA2743-3D2F-469E-B71D-282C52D2F970}.Debug|Any CPU.ActiveCfg = Debug|Any CPU
		{66DA2743-3D2F-469E-B71D-282C52D2F970}.Debug|Any CPU.Build.0 = Debug|Any CPU
		{66DA2743-3D2F-469E-B71D-282C52D2F970}.Release|Any CPU.ActiveCfg = Release|Any CPU
		{66DA2743-3D2F-469E-B71D-282C52D2F970}.Release|Any CPU.Build.0 = Release|Any CPU
		{FD30E6AB-B8DC-4665-88F7-C86C9D1F152D}.Debug|Any CPU.ActiveCfg = Debug|Any CPU
		{FD30E6AB-B8DC-4665-88F7-C86C9D1F152D}.Debug|Any CPU.Build.0 = Debug|Any CPU
		{FD30E6AB-B8DC-4665-88F7-C86C9D1F152D}.Release|Any CPU.ActiveCfg = Release|Any CPU
		{FD30E6AB-B8DC-4665-88F7-C86C9D1F152D}.Release|Any CPU.Build.0 = Release|Any CPU
		{920F4615-EB12-4D1F-BF25-CE5FACBB2747}.Debug|Any CPU.ActiveCfg = Debug|Any CPU
		{920F4615-EB12-4D1F-BF25-CE5FACBB2747}.Debug|Any CPU.Build.0 = Debug|Any CPU
		{920F4615-EB12-4D1F-BF25-CE5FACBB2747}.Release|Any CPU.ActiveCfg = Release|Any CPU
		{920F4615-EB12-4D1F-BF25-CE5FACBB2747}.Release|Any CPU.Build.0 = Release|Any CPU
	EndGlobalSection
	GlobalSection(SolutionProperties) = preSolution
		HideSolutionNode = FALSE
	EndGlobalSection
	GlobalSection(ExtensibilityGlobals) = postSolution
		SolutionGuid = {B7CBE509-CBFA-484C-8247-92A07721B1A4}
	EndGlobalSection
EndGlobal
