
Microsoft Visual Studio Solution File, Format Version 12.00
# Visual Studio Version 16
VisualStudioVersion = 16.0.30406.217
MinimumVisualStudioVersion = 10.0.40219.1
Project("{9A19103F-16F7-4668-BE54-9A1E7A4F7556}") = "Arrays", "Arrays\Arrays.csproj", "{66DA2743-3D2F-469E-B71D-282C52D2F970}"
EndProject
Project("{9A19103F-16F7-4668-BE54-9A1E7A4F7556}") = "MethodAbstractions", "MethodAbstractions\MethodAbstractions.csproj", "{FD30E6AB-B8DC-4665-88F7-C86C9D1F152D}"
EndProject
Project("{9A19103F-16F7-4668-BE54-9A1E7A4F7556}") = "IndexedCollectionAbstractions", "IndexedCollectionAbstractions\IndexedCollectionAbstractions.csproj", "{920F4615-EB12-4D1F-BF25-CE5FACBB2747}"
EndProject
Project("{9A19103F-16F7-4668-BE54-9A1E7A4F7556}") = "MultipleReturnsTechniques", "MultipleReturnsTechniques\MultipleReturnsTechniques.csproj", "{D24B1C0A-3AB8-4D6C-90A4-C2EF93DE28CF}"
EndProject
Project("{9A19103F-16F7-4668-BE54-9A1E7A4F7556}") = "StringFormattingTechniques", "StringFormattingTechniques\StringFormattingTechniques.csproj", "{DA088111-11D8-4507-A760-0A94B32F2658}"
EndProject
Project("{9A19103F-16F7-4668-BE54-9A1E7A4F7556}") = "BranchingTechniques", "BranchingTechniques\BranchingTechniques.csproj", "{33D9064C-160D-448C-9827-BAA077CA3644}"
EndProject
Project("{9A19103F-16F7-4668-BE54-9A1E7A4F7556}") = "ExceptionHandlingTechniques", "ExceptionHandlingTechniques\ExceptionHandlingTechniques.csproj", "{0183986E-78D4-4C4F-AF2C-69E961A986EB}"
EndProject
Project("{9A19103F-16F7-4668-BE54-9A1E7A4F7556}") = "ReflectionTechniques", "ReflectionTechniques\ReflectionTechniques.csproj", "{4320629B-EB16-405E-AF83-49DA499043E9}"
EndProject
Project("{9A19103F-16F7-4668-BE54-9A1E7A4F7556}") = "Boxing", "Boxing\Boxing\Boxing.csproj", "{E6C9254E-3E6A-4073-9486-C55286521575}"
EndProject
Project("{9A19103F-16F7-4668-BE54-9A1E7A4F7556}") = "TypeEqualityChecking", "TypeEqualityChecking\TypeEqualityChecking.csproj", "{C37EAD36-7FBA-4F56-ACBD-D572DAF4B053}"
EndProject
Project("{FAE04EC0-301F-11D3-BF4B-00C04F79EFBC}") = "DynamicStringConstruction", "DynamicStringConstruction\DynamicStringConstruction.csproj", "{71A74A29-14CC-4A35-8213-7624F0C28E13}"
EndProject
Global
	GlobalSection(SolutionConfigurationPlatforms) = preSolution
		Debug|Any CPU = Debug|Any CPU
		Release|Any CPU = Release|Any CPU
	EndGlobalSection
	GlobalSection(ProjectConfigurationPlatforms) = postSolution
		{66DA2743-3D2F-469E-B71D-282C52D2F970}.Debug|Any CPU.ActiveCfg = Debug|Any CPU
		{66DA2743-3D2F-469E-B71D-282C52D2F970}.Debug|Any CPU.Build.0 = Debug|Any CPU
		{66DA2743-3D2F-469E-B71D-282C52D2F970}.Release|Any CPU.ActiveCfg = Release|Any CPU
		{66DA2743-3D2F-469E-B71D-282C52D2F970}.Release|Any CPU.Build.0 = Release|Any CPU
		{FD30E6AB-B8DC-4665-88F7-C86C9D1F152D}.Debug|Any CPU.ActiveCfg = Debug|Any CPU
		{FD30E6AB-B8DC-4665-88F7-C86C9D1F152D}.Debug|Any CPU.Build.0 = Debug|Any CPU
		{FD30E6AB-B8DC-4665-88F7-C86C9D1F152D}.Release|Any CPU.ActiveCfg = Release|Any CPU
		{FD30E6AB-B8DC-4665-88F7-C86C9D1F152D}.Release|Any CPU.Build.0 = Release|Any CPU
		{920F4615-EB12-4D1F-BF25-CE5FACBB2747}.Debug|Any CPU.ActiveCfg = Debug|Any CPU
		{920F4615-EB12-4D1F-BF25-CE5FACBB2747}.Debug|Any CPU.Build.0 = Debug|Any CPU
		{920F4615-EB12-4D1F-BF25-CE5FACBB2747}.Release|Any CPU.ActiveCfg = Release|Any CPU
		{920F4615-EB12-4D1F-BF25-CE5FACBB2747}.Release|Any CPU.Build.0 = Release|Any CPU
		{D24B1C0A-3AB8-4D6C-90A4-C2EF93DE28CF}.Debug|Any CPU.ActiveCfg = Debug|Any CPU
		{D24B1C0A-3AB8-4D6C-90A4-C2EF93DE28CF}.Debug|Any CPU.Build.0 = Debug|Any CPU
		{D24B1C0A-3AB8-4D6C-90A4-C2EF93DE28CF}.Release|Any CPU.ActiveCfg = Release|Any CPU
		{D24B1C0A-3AB8-4D6C-90A4-C2EF93DE28CF}.Release|Any CPU.Build.0 = Release|Any CPU
		{DA088111-11D8-4507-A760-0A94B32F2658}.Debug|Any CPU.ActiveCfg = Debug|Any CPU
		{DA088111-11D8-4507-A760-0A94B32F2658}.Debug|Any CPU.Build.0 = Debug|Any CPU
		{DA088111-11D8-4507-A760-0A94B32F2658}.Release|Any CPU.ActiveCfg = Release|Any CPU
		{DA088111-11D8-4507-A760-0A94B32F2658}.Release|Any CPU.Build.0 = Release|Any CPU
		{33D9064C-160D-448C-9827-BAA077CA3644}.Debug|Any CPU.ActiveCfg = Debug|Any CPU
		{33D9064C-160D-448C-9827-BAA077CA3644}.Debug|Any CPU.Build.0 = Debug|Any CPU
		{33D9064C-160D-448C-9827-BAA077CA3644}.Release|Any CPU.ActiveCfg = Release|Any CPU
		{33D9064C-160D-448C-9827-BAA077CA3644}.Release|Any CPU.Build.0 = Release|Any CPU
		{0183986E-78D4-4C4F-AF2C-69E961A986EB}.Debug|Any CPU.ActiveCfg = Debug|Any CPU
		{0183986E-78D4-4C4F-AF2C-69E961A986EB}.Debug|Any CPU.Build.0 = Debug|Any CPU
		{0183986E-78D4-4C4F-AF2C-69E961A986EB}.Release|Any CPU.ActiveCfg = Release|Any CPU
		{0183986E-78D4-4C4F-AF2C-69E961A986EB}.Release|Any CPU.Build.0 = Release|Any CPU
		{4320629B-EB16-405E-AF83-49DA499043E9}.Debug|Any CPU.ActiveCfg = Debug|Any CPU
		{4320629B-EB16-405E-AF83-49DA499043E9}.Debug|Any CPU.Build.0 = Debug|Any CPU
		{4320629B-EB16-405E-AF83-49DA499043E9}.Release|Any CPU.ActiveCfg = Release|Any CPU
		{4320629B-EB16-405E-AF83-49DA499043E9}.Release|Any CPU.Build.0 = Release|Any CPU
		{E6C9254E-3E6A-4073-9486-C55286521575}.Debug|Any CPU.ActiveCfg = Debug|Any CPU
		{E6C9254E-3E6A-4073-9486-C55286521575}.Debug|Any CPU.Build.0 = Debug|Any CPU
		{E6C9254E-3E6A-4073-9486-C55286521575}.Release|Any CPU.ActiveCfg = Release|Any CPU
		{E6C9254E-3E6A-4073-9486-C55286521575}.Release|Any CPU.Build.0 = Release|Any CPU
		{C37EAD36-7FBA-4F56-ACBD-D572DAF4B053}.Debug|Any CPU.ActiveCfg = Debug|Any CPU
		{C37EAD36-7FBA-4F56-ACBD-D572DAF4B053}.Debug|Any CPU.Build.0 = Debug|Any CPU
		{C37EAD36-7FBA-4F56-ACBD-D572DAF4B053}.Release|Any CPU.ActiveCfg = Release|Any CPU
		{C37EAD36-7FBA-4F56-ACBD-D572DAF4B053}.Release|Any CPU.Build.0 = Release|Any CPU
		{71A74A29-14CC-4A35-8213-7624F0C28E13}.Debug|Any CPU.ActiveCfg = Debug|Any CPU
		{71A74A29-14CC-4A35-8213-7624F0C28E13}.Debug|Any CPU.Build.0 = Debug|Any CPU
		{71A74A29-14CC-4A35-8213-7624F0C28E13}.Release|Any CPU.ActiveCfg = Release|Any CPU
		{71A74A29-14CC-4A35-8213-7624F0C28E13}.Release|Any CPU.Build.0 = Release|Any CPU
	EndGlobalSection
	GlobalSection(SolutionProperties) = preSolution
		HideSolutionNode = FALSE
	EndGlobalSection
	GlobalSection(ExtensibilityGlobals) = postSolution
		SolutionGuid = {B7CBE509-CBFA-484C-8247-92A07721B1A4}
	EndGlobalSection
EndGlobal
